
Microsoft Visual Studio Solution File, Format Version 12.00
# Visual Studio Version 17
VisualStudioVersion = 17.9.34622.214
MinimumVisualStudioVersion = 10.0.40219.1
Project("{FAE04EC0-301F-11D3-BF4B-00C04F79EFBC}") = "Web", "Web\Web.csproj", "{75AACA09-E7FF-4268-876E-7AF2911E0B0A}"
EndProject
Project("{FAE04EC0-301F-11D3-BF4B-00C04F79EFBC}") = "DataLayer", "DataLayer\DataLayer.csproj", "{CCA365E2-B578-4D8D-9B4A-1939F619767C}"
EndProject
Project("{FAE04EC0-301F-11D3-BF4B-00C04F79EFBC}") = "BusinessLayer", "BusinessLayer\BusinessLayer.csproj", "{2715E068-AB57-4A89-B65B-418E46F5EFE3}"
EndProject
Global
	GlobalSection(SolutionConfigurationPlatforms) = preSolution
		Debug|Any CPU = Debug|Any CPU
		Release|Any CPU = Release|Any CPU
	EndGlobalSection
	GlobalSection(ProjectConfigurationPlatforms) = postSolution
		{75AACA09-E7FF-4268-876E-7AF2911E0B0A}.Debug|Any CPU.ActiveCfg = Debug|Any CPU
		{75AACA09-E7FF-4268-876E-7AF2911E0B0A}.Debug|Any CPU.Build.0 = Debug|Any CPU
		{75AACA09-E7FF-4268-876E-7AF2911E0B0A}.Release|Any CPU.ActiveCfg = Release|Any CPU
		{75AACA09-E7FF-4268-876E-7AF2911E0B0A}.Release|Any CPU.Build.0 = Release|Any CPU
		{CCA365E2-B578-4D8D-9B4A-1939F619767C}.Debug|Any CPU.ActiveCfg = Debug|Any CPU
		{CCA365E2-B578-4D8D-9B4A-1939F619767C}.Debug|Any CPU.Build.0 = Debug|Any CPU
		{CCA365E2-B578-4D8D-9B4A-1939F619767C}.Release|Any CPU.ActiveCfg = Release|Any CPU
		{CCA365E2-B578-4D8D-9B4A-1939F619767C}.Release|Any CPU.Build.0 = Release|Any CPU
		{2715E068-AB57-4A89-B65B-418E46F5EFE3}.Debug|Any CPU.ActiveCfg = Debug|Any CPU
		{2715E068-AB57-4A89-B65B-418E46F5EFE3}.Debug|Any CPU.Build.0 = Debug|Any CPU
		{2715E068-AB57-4A89-B65B-418E46F5EFE3}.Release|Any CPU.ActiveCfg = Release|Any CPU
		{2715E068-AB57-4A89-B65B-418E46F5EFE3}.Release|Any CPU.Build.0 = Release|Any CPU
	EndGlobalSection
	GlobalSection(SolutionProperties) = preSolution
		HideSolutionNode = FALSE
	EndGlobalSection
	GlobalSection(ExtensibilityGlobals) = postSolution
		SolutionGuid = {E5CEDFD9-B83A-4A9E-873B-CA489DF3E29B}
	EndGlobalSection
EndGlobal
